
Microsoft Visual Studio Solution File, Format Version 12.00
# Visual Studio Version 17
VisualStudioVersion = 17.5.33502.453
MinimumVisualStudioVersion = 10.0.40219.1
Project("{9A19103F-16F7-4668-BE54-9A1E7A4F7556}") = "ASPDotNetIntro", "ASPDotNetIntro.csproj", "{ADB78B2B-9E20-40F5-9479-246F60238B75}"
EndProject
Global
	GlobalSection(SolutionConfigurationPlatforms) = preSolution
		Debug|Any CPU = Debug|Any CPU
		Release|Any CPU = Release|Any CPU
	EndGlobalSection
	GlobalSection(ProjectConfigurationPlatforms) = postSolution
		{ADB78B2B-9E20-40F5-9479-246F60238B75}.Debug|Any CPU.ActiveCfg = Debug|Any CPU
		{ADB78B2B-9E20-40F5-9479-246F60238B75}.Debug|Any CPU.Build.0 = Debug|Any CPU
		{ADB78B2B-9E20-40F5-9479-246F60238B75}.Release|Any CPU.ActiveCfg = Release|Any CPU
		{ADB78B2B-9E20-40F5-9479-246F60238B75}.Release|Any CPU.Build.0 = Release|Any CPU
	EndGlobalSection
	GlobalSection(SolutionProperties) = preSolution
		HideSolutionNode = FALSE
	EndGlobalSection
	GlobalSection(ExtensibilityGlobals) = postSolution
		SolutionGuid = {668A94EC-82D5-4EF3-ADFC-A8583FF26283}
	EndGlobalSection
EndGlobal
